// !$*UTF8*$!
{
	archiveVersion = 1;
	classes = {
	};
	objectVersion = 51;
	objects = {

/* Begin PBXBuildFile section */
		4A291D829021CB4F3EEC429B /* Pods_carriage_user_ios.framework in Frameworks */ = {isa = PBXBuildFile; fileRef = BD3BDDEA9F644A5887A09E88 /* Pods_carriage_user_ios.framework */; };
		66296FA7237B6DEA0055E72B /* RideHistoryCell.swift in Sources */ = {isa = PBXBuildFile; fileRef = 66296FA6237B6DEA0055E72B /* RideHistoryCell.swift */; };
		66584386239713B70056E199 /* RequestRideViewController.swift in Sources */ = {isa = PBXBuildFile; fileRef = 66584385239713B70056E199 /* RequestRideViewController.swift */; };
		66593BBD237225D300B7A56B /* San-Francisco-Pro-Fonts-master in Resources */ = {isa = PBXBuildFile; fileRef = 66593BBC237225D300B7A56B /* San-Francisco-Pro-Fonts-master */; };
		66593BC02372367600B7A56B /* UpcomingRidesCell.swift in Sources */ = {isa = PBXBuildFile; fileRef = 66593BBF2372367600B7A56B /* UpcomingRidesCell.swift */; };
		66593BC2237A656000B7A56B /* upcomingRidesObject.swift in Sources */ = {isa = PBXBuildFile; fileRef = 66593BC1237A656000B7A56B /* upcomingRidesObject.swift */; };
		665EEC87239F625900CD6175 /* checkBox.swift in Sources */ = {isa = PBXBuildFile; fileRef = 665EEC86239F625900CD6175 /* checkBox.swift */; };
		666A71BE2383BBE900ADE930 /* rideHistoryObject.swift in Sources */ = {isa = PBXBuildFile; fileRef = 666A71BD2383BBE900ADE930 /* rideHistoryObject.swift */; };
		66AAC9B223713A15000A36B0 /* HomeViewController.swift in Sources */ = {isa = PBXBuildFile; fileRef = 66AAC9B123713A15000A36B0 /* HomeViewController.swift */; };
		66B9AE75238C91B6001AFB87 /* SettingsLauncher.swift in Sources */ = {isa = PBXBuildFile; fileRef = 66B9AE74238C91B6001AFB87 /* SettingsLauncher.swift */; };
		66B9AE77238C9878001AFB87 /* SettingCell.swift in Sources */ = {isa = PBXBuildFile; fileRef = 66B9AE76238C9878001AFB87 /* SettingCell.swift */; };
		D3BE091A235FAC2C00005FBE /* AppDelegate.swift in Sources */ = {isa = PBXBuildFile; fileRef = D3BE0919235FAC2C00005FBE /* AppDelegate.swift */; };
		D3BE0921235FAC3200005FBE /* Assets.xcassets in Resources */ = {isa = PBXBuildFile; fileRef = D3BE0920235FAC3200005FBE /* Assets.xcassets */; };
/* End PBXBuildFile section */

/* Begin PBXFileReference section */
		66296FA6237B6DEA0055E72B /* RideHistoryCell.swift */ = {isa = PBXFileReference; lastKnownFileType = sourcecode.swift; name = RideHistoryCell.swift; path = "carriage-user-ios/RideHistoryCell.swift"; sourceTree = SOURCE_ROOT; };
		66584385239713B70056E199 /* RequestRideViewController.swift */ = {isa = PBXFileReference; lastKnownFileType = sourcecode.swift; name = RequestRideViewController.swift; path = "carriage-user-ios/RequestRideViewController.swift"; sourceTree = SOURCE_ROOT; };
		66593BBC237225D300B7A56B /* San-Francisco-Pro-Fonts-master */ = {isa = PBXFileReference; lastKnownFileType = folder; path = "San-Francisco-Pro-Fonts-master"; sourceTree = "<group>"; };
		66593BBF2372367600B7A56B /* UpcomingRidesCell.swift */ = {isa = PBXFileReference; lastKnownFileType = sourcecode.swift; name = UpcomingRidesCell.swift; path = "carriage-user-ios/UpcomingRidesCell.swift"; sourceTree = SOURCE_ROOT; };
		66593BC1237A656000B7A56B /* upcomingRidesObject.swift */ = {isa = PBXFileReference; lastKnownFileType = sourcecode.swift; name = upcomingRidesObject.swift; path = "carriage-user-ios/upcomingRidesObject.swift"; sourceTree = SOURCE_ROOT; };
		665EEC86239F625900CD6175 /* checkBox.swift */ = {isa = PBXFileReference; lastKnownFileType = sourcecode.swift; name = checkBox.swift; path = "carriage-user-ios/checkBox.swift"; sourceTree = SOURCE_ROOT; };
		666A71BD2383BBE900ADE930 /* rideHistoryObject.swift */ = {isa = PBXFileReference; lastKnownFileType = sourcecode.swift; name = rideHistoryObject.swift; path = "carriage-user-ios/rideHistoryObject.swift"; sourceTree = SOURCE_ROOT; };
		66AAC9B123713A15000A36B0 /* HomeViewController.swift */ = {isa = PBXFileReference; lastKnownFileType = sourcecode.swift; name = HomeViewController.swift; path = "carriage-user-ios/HomeViewController.swift"; sourceTree = SOURCE_ROOT; wrapsLines = 0; };
		66B9AE74238C91B6001AFB87 /* SettingsLauncher.swift */ = {isa = PBXFileReference; lastKnownFileType = sourcecode.swift; name = SettingsLauncher.swift; path = "carriage-user-ios/SettingsLauncher.swift"; sourceTree = SOURCE_ROOT; };
		66B9AE76238C9878001AFB87 /* SettingCell.swift */ = {isa = PBXFileReference; lastKnownFileType = sourcecode.swift; name = SettingCell.swift; path = "carriage-user-ios/SettingCell.swift"; sourceTree = SOURCE_ROOT; };
		BD3BDDEA9F644A5887A09E88 /* Pods_carriage_user_ios.framework */ = {isa = PBXFileReference; explicitFileType = wrapper.framework; includeInIndex = 0; path = Pods_carriage_user_ios.framework; sourceTree = BUILT_PRODUCTS_DIR; };
		D3BE0916235FAC2C00005FBE /* carriage-user-ios.app */ = {isa = PBXFileReference; explicitFileType = wrapper.application; includeInIndex = 0; path = "carriage-user-ios.app"; sourceTree = BUILT_PRODUCTS_DIR; };
		D3BE0919235FAC2C00005FBE /* AppDelegate.swift */ = {isa = PBXFileReference; lastKnownFileType = sourcecode.swift; path = AppDelegate.swift; sourceTree = "<group>"; };
		D3BE0920235FAC3200005FBE /* Assets.xcassets */ = {isa = PBXFileReference; lastKnownFileType = folder.assetcatalog; path = Assets.xcassets; sourceTree = "<group>"; };
		D3BE0925235FAC3200005FBE /* Info.plist */ = {isa = PBXFileReference; lastKnownFileType = text.plist.xml; path = Info.plist; sourceTree = "<group>"; };
		ECF1808BD0E11B709935EB40 /* Pods-carriage-user-ios.release.xcconfig */ = {isa = PBXFileReference; includeInIndex = 1; lastKnownFileType = text.xcconfig; name = "Pods-carriage-user-ios.release.xcconfig"; path = "Target Support Files/Pods-carriage-user-ios/Pods-carriage-user-ios.release.xcconfig"; sourceTree = "<group>"; };
		EE60E48C7538DD6495E2848C /* Pods-carriage-user-ios.debug.xcconfig */ = {isa = PBXFileReference; includeInIndex = 1; lastKnownFileType = text.xcconfig; name = "Pods-carriage-user-ios.debug.xcconfig"; path = "Target Support Files/Pods-carriage-user-ios/Pods-carriage-user-ios.debug.xcconfig"; sourceTree = "<group>"; };
/* End PBXFileReference section */

/* Begin PBXFrameworksBuildPhase section */
		D3BE0913235FAC2C00005FBE /* Frameworks */ = {
			isa = PBXFrameworksBuildPhase;
			buildActionMask = 2147483647;
			files = (
				4A291D829021CB4F3EEC429B /* Pods_carriage_user_ios.framework in Frameworks */,
			);
			runOnlyForDeploymentPostprocessing = 0;
		};
/* End PBXFrameworksBuildPhase section */

/* Begin PBXGroup section */
		66593BBE237225E700B7A56B /* Resources */ = {
			isa = PBXGroup;
			children = (
				66593BBC237225D300B7A56B /* San-Francisco-Pro-Fonts-master */,
			);
			path = Resources;
			sourceTree = "<group>";
		};
		A0523E56FA3E2B3FCDA3A0D4 /* Pods */ = {
			isa = PBXGroup;
			children = (
				EE60E48C7538DD6495E2848C /* Pods-carriage-user-ios.debug.xcconfig */,
				ECF1808BD0E11B709935EB40 /* Pods-carriage-user-ios.release.xcconfig */,
			);
			path = Pods;
			sourceTree = "<group>";
		};
		D2118BA8997A03D0CE381496 /* Frameworks */ = {
			isa = PBXGroup;
			children = (
				BD3BDDEA9F644A5887A09E88 /* Pods_carriage_user_ios.framework */,
			);
			name = Frameworks;
			sourceTree = "<group>";
		};
		D3BE090D235FAC2C00005FBE = {
			isa = PBXGroup;
			children = (
				D3BE0918235FAC2C00005FBE /* carriage-user-ios */,
				D3BE0917235FAC2C00005FBE /* Products */,
				A0523E56FA3E2B3FCDA3A0D4 /* Pods */,
				D2118BA8997A03D0CE381496 /* Frameworks */,
			);
			sourceTree = "<group>";
		};
		D3BE0917235FAC2C00005FBE /* Products */ = {
			isa = PBXGroup;
			children = (
				D3BE0916235FAC2C00005FBE /* carriage-user-ios.app */,
			);
			name = Products;
			sourceTree = "<group>";
		};
		D3BE0918235FAC2C00005FBE /* carriage-user-ios */ = {
			isa = PBXGroup;
			children = (
				66593BBE237225E700B7A56B /* Resources */,
				D3BE092F235FACC600005FBE /* Cells */,
				D3BE092D235FAC8500005FBE /* Views */,
				D3BE092C235FAC6C00005FBE /* ViewControllers */,
				D3BE092B235FAC6500005FBE /* Models */,
				D3BE0919235FAC2C00005FBE /* AppDelegate.swift */,
				D3BE0920235FAC3200005FBE /* Assets.xcassets */,
				D3BE0925235FAC3200005FBE /* Info.plist */,
			);
			path = "carriage-user-ios";
			sourceTree = "<group>";
		};
		D3BE092B235FAC6500005FBE /* Models */ = {
			isa = PBXGroup;
			children = (
				66593BC1237A656000B7A56B /* upcomingRidesObject.swift */,
				666A71BD2383BBE900ADE930 /* rideHistoryObject.swift */,
				665EEC86239F625900CD6175 /* checkBox.swift */,
			);
			path = Models;
			sourceTree = "<group>";
		};
		D3BE092C235FAC6C00005FBE /* ViewControllers */ = {
			isa = PBXGroup;
			children = (
				66AAC9B123713A15000A36B0 /* HomeViewController.swift */,
				66B9AE74238C91B6001AFB87 /* SettingsLauncher.swift */,
				66584385239713B70056E199 /* RequestRideViewController.swift */,
			);
			path = ViewControllers;
			sourceTree = "<group>";
		};
		D3BE092D235FAC8500005FBE /* Views */ = {
			isa = PBXGroup;
			children = (
			);
			path = Views;
			sourceTree = "<group>";
		};
		D3BE092F235FACC600005FBE /* Cells */ = {
			isa = PBXGroup;
			children = (
				66593BBF2372367600B7A56B /* UpcomingRidesCell.swift */,
				66296FA6237B6DEA0055E72B /* RideHistoryCell.swift */,
				66B9AE76238C9878001AFB87 /* SettingCell.swift */,
			);
			path = Cells;
			sourceTree = "<group>";
		};
/* End PBXGroup section */

/* Begin PBXNativeTarget section */
		D3BE0915235FAC2C00005FBE /* carriage-user-ios */ = {
			isa = PBXNativeTarget;
			buildConfigurationList = D3BE0928235FAC3200005FBE /* Build configuration list for PBXNativeTarget "carriage-user-ios" */;
			buildPhases = (
				500DDD47B9568FE53551B223 /* [CP] Check Pods Manifest.lock */,
				D3BE0912235FAC2C00005FBE /* Sources */,
				D3BE0913235FAC2C00005FBE /* Frameworks */,
				D3BE0914235FAC2C00005FBE /* Resources */,
				B949228AC1AD21E30F9B40B6 /* [CP] Embed Pods Frameworks */,
			);
			buildRules = (
			);
			dependencies = (
			);
			name = "carriage-user-ios";
			productName = "carriage-user-ios";
			productReference = D3BE0916235FAC2C00005FBE /* carriage-user-ios.app */;
			productType = "com.apple.product-type.application";
		};
/* End PBXNativeTarget section */

/* Begin PBXProject section */
		D3BE090E235FAC2C00005FBE /* Project object */ = {
			isa = PBXProject;
			attributes = {
				LastSwiftUpdateCheck = 1010;
				LastUpgradeCheck = 1010;
				ORGANIZATIONNAME = "Beth Mieczkowski";
				TargetAttributes = {
					D3BE0915235FAC2C00005FBE = {
						CreatedOnToolsVersion = 10.1;
					};
				};
			};
			buildConfigurationList = D3BE0911235FAC2C00005FBE /* Build configuration list for PBXProject "carriage-user-ios" */;
			compatibilityVersion = "Xcode 9.3";
			developmentRegion = en;
			hasScannedForEncodings = 0;
			knownRegions = (
				en,
				Base,
			);
			mainGroup = D3BE090D235FAC2C00005FBE;
			productRefGroup = D3BE0917235FAC2C00005FBE /* Products */;
			projectDirPath = "";
			projectRoot = "";
			targets = (
				D3BE0915235FAC2C00005FBE /* carriage-user-ios */,
			);
		};
/* End PBXProject section */

/* Begin PBXResourcesBuildPhase section */
		D3BE0914235FAC2C00005FBE /* Resources */ = {
			isa = PBXResourcesBuildPhase;
			buildActionMask = 2147483647;
			files = (
				D3BE0921235FAC3200005FBE /* Assets.xcassets in Resources */,
				66593BBD237225D300B7A56B /* San-Francisco-Pro-Fonts-master in Resources */,
			);
			runOnlyForDeploymentPostprocessing = 0;
		};
/* End PBXResourcesBuildPhase section */

/* Begin PBXShellScriptBuildPhase section */
		500DDD47B9568FE53551B223 /* [CP] Check Pods Manifest.lock */ = {
			isa = PBXShellScriptBuildPhase;
			buildActionMask = 2147483647;
			files = (
			);
			inputFileListPaths = (
			);
			inputPaths = (
				"${PODS_PODFILE_DIR_PATH}/Podfile.lock",
				"${PODS_ROOT}/Manifest.lock",
			);
			name = "[CP] Check Pods Manifest.lock";
			outputFileListPaths = (
			);
			outputPaths = (
				"$(DERIVED_FILE_DIR)/Pods-carriage-user-ios-checkManifestLockResult.txt",
			);
			runOnlyForDeploymentPostprocessing = 0;
			shellPath = /bin/sh;
			shellScript = "diff \"${PODS_PODFILE_DIR_PATH}/Podfile.lock\" \"${PODS_ROOT}/Manifest.lock\" > /dev/null\nif [ $? != 0 ] ; then\n    # print error to STDERR\n    echo \"error: The sandbox is not in sync with the Podfile.lock. Run 'pod install' or update your CocoaPods installation.\" >&2\n    exit 1\nfi\n# This output is used by Xcode 'outputs' to avoid re-running this script phase.\necho \"SUCCESS\" > \"${SCRIPT_OUTPUT_FILE_0}\"\n";
			showEnvVarsInLog = 0;
		};
		B949228AC1AD21E30F9B40B6 /* [CP] Embed Pods Frameworks */ = {
			isa = PBXShellScriptBuildPhase;
			buildActionMask = 2147483647;
			files = (
			);
			inputFileListPaths = (
				"${PODS_ROOT}/Target Support Files/Pods-carriage-user-ios/Pods-carriage-user-ios-frameworks-${CONFIGURATION}-input-files.xcfilelist",
			);
			name = "[CP] Embed Pods Frameworks";
			outputFileListPaths = (
				"${PODS_ROOT}/Target Support Files/Pods-carriage-user-ios/Pods-carriage-user-ios-frameworks-${CONFIGURATION}-output-files.xcfilelist",
			);
			runOnlyForDeploymentPostprocessing = 0;
			shellPath = /bin/sh;
			shellScript = "\"${PODS_ROOT}/Target Support Files/Pods-carriage-user-ios/Pods-carriage-user-ios-frameworks.sh\"\n";
			showEnvVarsInLog = 0;
		};
/* End PBXShellScriptBuildPhase section */

/* Begin PBXSourcesBuildPhase section */
		D3BE0912235FAC2C00005FBE /* Sources */ = {
			isa = PBXSourcesBuildPhase;
			buildActionMask = 2147483647;
			files = (
				D3BE091A235FAC2C00005FBE /* AppDelegate.swift in Sources */,
				66584386239713B70056E199 /* RequestRideViewController.swift in Sources */,
				666A71BE2383BBE900ADE930 /* rideHistoryObject.swift in Sources */,
				66B9AE77238C9878001AFB87 /* SettingCell.swift in Sources */,
				665EEC87239F625900CD6175 /* checkBox.swift in Sources */,
				66593BC2237A656000B7A56B /* upcomingRidesObject.swift in Sources */,
				66B9AE75238C91B6001AFB87 /* SettingsLauncher.swift in Sources */,
				66AAC9B223713A15000A36B0 /* HomeViewController.swift in Sources */,
				66296FA7237B6DEA0055E72B /* RideHistoryCell.swift in Sources */,
				66593BC02372367600B7A56B /* UpcomingRidesCell.swift in Sources */,
			);
			runOnlyForDeploymentPostprocessing = 0;
		};
/* End PBXSourcesBuildPhase section */

/* Begin XCBuildConfiguration section */
		D3BE0926235FAC3200005FBE /* Debug */ = {
			isa = XCBuildConfiguration;
			buildSettings = {
				ALWAYS_SEARCH_USER_PATHS = NO;
				CLANG_ANALYZER_NONNULL = YES;
				CLANG_ANALYZER_NUMBER_OBJECT_CONVERSION = YES_AGGRESSIVE;
				CLANG_CXX_LANGUAGE_STANDARD = "gnu++14";
				CLANG_CXX_LIBRARY = "libc++";
				CLANG_ENABLE_MODULES = YES;
				CLANG_ENABLE_OBJC_ARC = YES;
				CLANG_ENABLE_OBJC_WEAK = YES;
				CLANG_WARN_BLOCK_CAPTURE_AUTORELEASING = YES;
				CLANG_WARN_BOOL_CONVERSION = YES;
				CLANG_WARN_COMMA = YES;
				CLANG_WARN_CONSTANT_CONVERSION = YES;
				CLANG_WARN_DEPRECATED_OBJC_IMPLEMENTATIONS = YES;
				CLANG_WARN_DIRECT_OBJC_ISA_USAGE = YES_ERROR;
				CLANG_WARN_DOCUMENTATION_COMMENTS = YES;
				CLANG_WARN_EMPTY_BODY = YES;
				CLANG_WARN_ENUM_CONVERSION = YES;
				CLANG_WARN_INFINITE_RECURSION = YES;
				CLANG_WARN_INT_CONVERSION = YES;
				CLANG_WARN_NON_LITERAL_NULL_CONVERSION = YES;
				CLANG_WARN_OBJC_IMPLICIT_RETAIN_SELF = YES;
				CLANG_WARN_OBJC_LITERAL_CONVERSION = YES;
				CLANG_WARN_OBJC_ROOT_CLASS = YES_ERROR;
				CLANG_WARN_RANGE_LOOP_ANALYSIS = YES;
				CLANG_WARN_STRICT_PROTOTYPES = YES;
				CLANG_WARN_SUSPICIOUS_MOVE = YES;
				CLANG_WARN_UNGUARDED_AVAILABILITY = YES_AGGRESSIVE;
				CLANG_WARN_UNREACHABLE_CODE = YES;
				CLANG_WARN__DUPLICATE_METHOD_MATCH = YES;
				CODE_SIGN_IDENTITY = "iPhone Developer";
				COPY_PHASE_STRIP = NO;
				DEBUG_INFORMATION_FORMAT = dwarf;
				ENABLE_STRICT_OBJC_MSGSEND = YES;
				ENABLE_TESTABILITY = YES;
				GCC_C_LANGUAGE_STANDARD = gnu11;
				GCC_DYNAMIC_NO_PIC = NO;
				GCC_NO_COMMON_BLOCKS = YES;
				GCC_OPTIMIZATION_LEVEL = 0;
				GCC_PREPROCESSOR_DEFINITIONS = (
					"DEBUG=1",
					"$(inherited)",
				);
				GCC_WARN_64_TO_32_BIT_CONVERSION = YES;
				GCC_WARN_ABOUT_RETURN_TYPE = YES_ERROR;
				GCC_WARN_UNDECLARED_SELECTOR = YES;
				GCC_WARN_UNINITIALIZED_AUTOS = YES_AGGRESSIVE;
				GCC_WARN_UNUSED_FUNCTION = YES;
				GCC_WARN_UNUSED_VARIABLE = YES;
				IPHONEOS_DEPLOYMENT_TARGET = 12.1;
				MTL_ENABLE_DEBUG_INFO = INCLUDE_SOURCE;
				MTL_FAST_MATH = YES;
				ONLY_ACTIVE_ARCH = YES;
				SDKROOT = iphoneos;
				SWIFT_ACTIVE_COMPILATION_CONDITIONS = DEBUG;
				SWIFT_OPTIMIZATION_LEVEL = "-Onone";
			};
			name = Debug;
		};
		D3BE0927235FAC3200005FBE /* Release */ = {
			isa = XCBuildConfiguration;
			buildSettings = {
				ALWAYS_SEARCH_USER_PATHS = NO;
				CLANG_ANALYZER_NONNULL = YES;
				CLANG_ANALYZER_NUMBER_OBJECT_CONVERSION = YES_AGGRESSIVE;
				CLANG_CXX_LANGUAGE_STANDARD = "gnu++14";
				CLANG_CXX_LIBRARY = "libc++";
				CLANG_ENABLE_MODULES = YES;
				CLANG_ENABLE_OBJC_ARC = YES;
				CLANG_ENABLE_OBJC_WEAK = YES;
				CLANG_WARN_BLOCK_CAPTURE_AUTORELEASING = YES;
				CLANG_WARN_BOOL_CONVERSION = YES;
				CLANG_WARN_COMMA = YES;
				CLANG_WARN_CONSTANT_CONVERSION = YES;
				CLANG_WARN_DEPRECATED_OBJC_IMPLEMENTATIONS = YES;
				CLANG_WARN_DIRECT_OBJC_ISA_USAGE = YES_ERROR;
				CLANG_WARN_DOCUMENTATION_COMMENTS = YES;
				CLANG_WARN_EMPTY_BODY = YES;
				CLANG_WARN_ENUM_CONVERSION = YES;
				CLANG_WARN_INFINITE_RECURSION = YES;
				CLANG_WARN_INT_CONVERSION = YES;
				CLANG_WARN_NON_LITERAL_NULL_CONVERSION = YES;
				CLANG_WARN_OBJC_IMPLICIT_RETAIN_SELF = YES;
				CLANG_WARN_OBJC_LITERAL_CONVERSION = YES;
				CLANG_WARN_OBJC_ROOT_CLASS = YES_ERROR;
				CLANG_WARN_RANGE_LOOP_ANALYSIS = YES;
				CLANG_WARN_STRICT_PROTOTYPES = YES;
				CLANG_WARN_SUSPICIOUS_MOVE = YES;
				CLANG_WARN_UNGUARDED_AVAILABILITY = YES_AGGRESSIVE;
				CLANG_WARN_UNREACHABLE_CODE = YES;
				CLANG_WARN__DUPLICATE_METHOD_MATCH = YES;
				CODE_SIGN_IDENTITY = "iPhone Developer";
				COPY_PHASE_STRIP = NO;
				DEBUG_INFORMATION_FORMAT = "dwarf-with-dsym";
				ENABLE_NS_ASSERTIONS = NO;
				ENABLE_STRICT_OBJC_MSGSEND = YES;
				GCC_C_LANGUAGE_STANDARD = gnu11;
				GCC_NO_COMMON_BLOCKS = YES;
				GCC_WARN_64_TO_32_BIT_CONVERSION = YES;
				GCC_WARN_ABOUT_RETURN_TYPE = YES_ERROR;
				GCC_WARN_UNDECLARED_SELECTOR = YES;
				GCC_WARN_UNINITIALIZED_AUTOS = YES_AGGRESSIVE;
				GCC_WARN_UNUSED_FUNCTION = YES;
				GCC_WARN_UNUSED_VARIABLE = YES;
				IPHONEOS_DEPLOYMENT_TARGET = 12.1;
				MTL_ENABLE_DEBUG_INFO = NO;
				MTL_FAST_MATH = YES;
				SDKROOT = iphoneos;
				SWIFT_COMPILATION_MODE = wholemodule;
				SWIFT_OPTIMIZATION_LEVEL = "-O";
				VALIDATE_PRODUCT = YES;
			};
			name = Release;
		};
		D3BE0929235FAC3200005FBE /* Debug */ = {
			isa = XCBuildConfiguration;
			baseConfigurationReference = EE60E48C7538DD6495E2848C /* Pods-carriage-user-ios.debug.xcconfig */;
			buildSettings = {
				ASSETCATALOG_COMPILER_APPICON_NAME = AppIcon;
				CODE_SIGN_STYLE = Automatic;
				INFOPLIST_FILE = "carriage-user-ios/Info.plist";
				LD_RUNPATH_SEARCH_PATHS = (
					"$(inherited)",
					"@executable_path/Frameworks",
				);
				PODS_PODFILE_DIR_PATH = "${SRCROOT}/";
				PRODUCT_BUNDLE_IDENTIFIER = "bethmieczkowski.carriage-user-ios";
				PRODUCT_NAME = "$(TARGET_NAME)";
				SWIFT_VERSION = 4.2;
				TARGETED_DEVICE_FAMILY = "1,2";
			};
			name = Debug;
		};
		D3BE092A235FAC3200005FBE /* Release */ = {
			isa = XCBuildConfiguration;
			baseConfigurationReference = ECF1808BD0E11B709935EB40 /* Pods-carriage-user-ios.release.xcconfig */;
			buildSettings = {
				ASSETCATALOG_COMPILER_APPICON_NAME = AppIcon;
				CODE_SIGN_STYLE = Automatic;
				INFOPLIST_FILE = "carriage-user-ios/Info.plist";
				LD_RUNPATH_SEARCH_PATHS = (
					"$(inherited)",
					"@executable_path/Frameworks",
				);
				PODS_PODFILE_DIR_PATH = "${SRCROOT}/";
				PRODUCT_BUNDLE_IDENTIFIER = "bethmieczkowski.carriage-user-ios";
				PRODUCT_NAME = "$(TARGET_NAME)";
				SWIFT_VERSION = 4.2;
				TARGETED_DEVICE_FAMILY = "1,2";
			};
			name = Release;
		};
/* End XCBuildConfiguration section */

/* Begin XCConfigurationList section */
		D3BE0911235FAC2C00005FBE /* Build configuration list for PBXProject "carriage-user-ios" */ = {
			isa = XCConfigurationList;
			buildConfigurations = (
				D3BE0926235FAC3200005FBE /* Debug */,
				D3BE0927235FAC3200005FBE /* Release */,
			);
			defaultConfigurationIsVisible = 0;
			defaultConfigurationName = Release;
		};
		D3BE0928235FAC3200005FBE /* Build configuration list for PBXNativeTarget "carriage-user-ios" */ = {
			isa = XCConfigurationList;
			buildConfigurations = (
				D3BE0929235FAC3200005FBE /* Debug */,
				D3BE092A235FAC3200005FBE /* Release */,
			);
			defaultConfigurationIsVisible = 0;
			defaultConfigurationName = Release;
		};
/* End XCConfigurationList section */
	};
	rootObject = D3BE090E235FAC2C00005FBE /* Project object */;
}
